
Microsoft Visual Studio Solution File, Format Version 12.00
# Visual Studio Version 16
VisualStudioVersion = 16.0.30413.136
MinimumVisualStudioVersion = 10.0.40219.1
Project("{FAE04EC0-301F-11D3-BF4B-00C04F79EFBC}") = "Myfirstapp", "Myfirstapp\Myfirstapp.csproj", "{65E3941A-6F45-4D71-A65F-E0DC7AE112CC}"
EndProject
Global
	GlobalSection(SolutionConfigurationPlatforms) = preSolution
		Debug|Any CPU = Debug|Any CPU
		Release|Any CPU = Release|Any CPU
	EndGlobalSection
	GlobalSection(ProjectConfigurationPlatforms) = postSolution
		{65E3941A-6F45-4D71-A65F-E0DC7AE112CC}.Debug|Any CPU.ActiveCfg = Debug|Any CPU
		{65E3941A-6F45-4D71-A65F-E0DC7AE112CC}.Debug|Any CPU.Build.0 = Debug|Any CPU
		{65E3941A-6F45-4D71-A65F-E0DC7AE112CC}.Release|Any CPU.ActiveCfg = Release|Any CPU
		{65E3941A-6F45-4D71-A65F-E0DC7AE112CC}.Release|Any CPU.Build.0 = Release|Any CPU
	EndGlobalSection
	GlobalSection(SolutionProperties) = preSolution
		HideSolutionNode = FALSE
	EndGlobalSection
	GlobalSection(ExtensibilityGlobals) = postSolution
		SolutionGuid = {2E43A9F7-847A-4D4A-839F-768106743AB5}
	EndGlobalSection
EndGlobal
